
Microsoft Visual Studio Solution File, Format Version 12.00
# Visual Studio Version 16
VisualStudioVersion = 16.0.30104.148
MinimumVisualStudioVersion = 10.0.40219.1
Project("{FAE04EC0-301F-11D3-BF4B-00C04F79EFBC}") = "Brayan Hernandez (Figuras)", "Brayan Hernandez (Figuras)\Brayan Hernandez (Figuras).csproj", "{608D53D8-62AC-4B6E-849B-7C87E6576263}"
EndProject
Global
	GlobalSection(SolutionConfigurationPlatforms) = preSolution
		Debug|Any CPU = Debug|Any CPU
		Release|Any CPU = Release|Any CPU
	EndGlobalSection
	GlobalSection(ProjectConfigurationPlatforms) = postSolution
		{608D53D8-62AC-4B6E-849B-7C87E6576263}.Debug|Any CPU.ActiveCfg = Debug|Any CPU
		{608D53D8-62AC-4B6E-849B-7C87E6576263}.Debug|Any CPU.Build.0 = Debug|Any CPU
		{608D53D8-62AC-4B6E-849B-7C87E6576263}.Release|Any CPU.ActiveCfg = Release|Any CPU
		{608D53D8-62AC-4B6E-849B-7C87E6576263}.Release|Any CPU.Build.0 = Release|Any CPU
	EndGlobalSection
	GlobalSection(SolutionProperties) = preSolution
		HideSolutionNode = FALSE
	EndGlobalSection
	GlobalSection(ExtensibilityGlobals) = postSolution
		SolutionGuid = {CE1129ED-A662-4846-8CE3-E50BC1625BA0}
	EndGlobalSection
EndGlobal
